
Microsoft Visual Studio Solution File, Format Version 12.00
# Visual Studio Version 17
VisualStudioVersion = 17.7.34202.233
MinimumVisualStudioVersion = 10.0.40219.1
Project("{FAE04EC0-301F-11D3-BF4B-00C04F79EFBC}") = "Timer.ConsoleDemo", "Timer.ConsoleDemo\Timer.ConsoleDemo.csproj", "{F63F8F7E-E9E4-4380-A69C-9D3B2D8E4144}"
EndProject
Project("{FAE04EC0-301F-11D3-BF4B-00C04F79EFBC}") = "Timer.Business", "Business\Timer.Business.csproj", "{025CCFE1-8B03-4CFE-BE28-FC7F6DFDF288}"
EndProject
Global
	GlobalSection(SolutionConfigurationPlatforms) = preSolution
		Debug|Any CPU = Debug|Any CPU
		Release|Any CPU = Release|Any CPU
	EndGlobalSection
	GlobalSection(ProjectConfigurationPlatforms) = postSolution
		{F63F8F7E-E9E4-4380-A69C-9D3B2D8E4144}.Debug|Any CPU.ActiveCfg = Debug|Any CPU
		{F63F8F7E-E9E4-4380-A69C-9D3B2D8E4144}.Debug|Any CPU.Build.0 = Debug|Any CPU
		{F63F8F7E-E9E4-4380-A69C-9D3B2D8E4144}.Release|Any CPU.ActiveCfg = Release|Any CPU
		{F63F8F7E-E9E4-4380-A69C-9D3B2D8E4144}.Release|Any CPU.Build.0 = Release|Any CPU
		{025CCFE1-8B03-4CFE-BE28-FC7F6DFDF288}.Debug|Any CPU.ActiveCfg = Debug|Any CPU
		{025CCFE1-8B03-4CFE-BE28-FC7F6DFDF288}.Debug|Any CPU.Build.0 = Debug|Any CPU
		{025CCFE1-8B03-4CFE-BE28-FC7F6DFDF288}.Release|Any CPU.ActiveCfg = Release|Any CPU
		{025CCFE1-8B03-4CFE-BE28-FC7F6DFDF288}.Release|Any CPU.Build.0 = Release|Any CPU
	EndGlobalSection
	GlobalSection(SolutionProperties) = preSolution
		HideSolutionNode = FALSE
	EndGlobalSection
	GlobalSection(ExtensibilityGlobals) = postSolution
		SolutionGuid = {5BE00D33-20AC-4E7D-8C92-2F7002C1D223}
	EndGlobalSection
EndGlobal
